// !$*UTF8*$!
{
	archiveVersion = 1;
	classes = {
	};
	objectVersion = 46;
	objects = {

/* Begin PBXBuildFile section */
		40B2C1EB1D88851800731B20 /* InfoPlist.strings in Resources */ = {isa = PBXBuildFile; fileRef = 40B2C1EA1D88851800731B20 /* InfoPlist.strings */; };
		50E9DCD31D7DC370007D0ED5 /* AppDelegate.swift in Sources */ = {isa = PBXBuildFile; fileRef = 50E9DCD21D7DC370007D0ED5 /* AppDelegate.swift */; };
		50E9DCD51D7DC370007D0ED5 /* ViewController.swift in Sources */ = {isa = PBXBuildFile; fileRef = 50E9DCD41D7DC370007D0ED5 /* ViewController.swift */; };
		50E9DCD81D7DC370007D0ED5 /* Main.storyboard in Resources */ = {isa = PBXBuildFile; fileRef = 50E9DCD61D7DC370007D0ED5 /* Main.storyboard */; };
		50E9DCDA1D7DC370007D0ED5 /* Assets.xcassets in Resources */ = {isa = PBXBuildFile; fileRef = 50E9DCD91D7DC370007D0ED5 /* Assets.xcassets */; };
		50E9DCDD1D7DC370007D0ED5 /* LaunchScreen.storyboard in Resources */ = {isa = PBXBuildFile; fileRef = 50E9DCDB1D7DC370007D0ED5 /* LaunchScreen.storyboard */; };
		50E9DD191D7E37FC007D0ED5 /* CoreBluetooth.framework in Frameworks */ = {isa = PBXBuildFile; fileRef = 50E9DD181D7E37FC007D0ED5 /* CoreBluetooth.framework */; };
		50E9DD281D7E41E9007D0ED5 /* CoreLocation.framework in Frameworks */ = {isa = PBXBuildFile; fileRef = 50E9DD271D7E41E9007D0ED5 /* CoreLocation.framework */; };
		50E9DD2C1D7E44BD007D0ED5 /* AVFoundation.framework in Frameworks */ = {isa = PBXBuildFile; fileRef = 50E9DD2B1D7E44BD007D0ED5 /* AVFoundation.framework */; };
		50E9DD881D7F3701007D0ED5 /* PACustomPermissionsCheck.swift in Sources */ = {isa = PBXBuildFile; fileRef = 50E9DD871D7F3701007D0ED5 /* PACustomPermissionsCheck.swift */; };
		50E9DD8D1D7F548B007D0ED5 /* CustomPermissionsViewController.swift in Sources */ = {isa = PBXBuildFile; fileRef = 50E9DD8C1D7F548B007D0ED5 /* CustomPermissionsViewController.swift */; };
		50E9DD8F1D80925F007D0ED5 /* background.jpg in Resources */ = {isa = PBXBuildFile; fileRef = 50E9DD8E1D80925F007D0ED5 /* background.jpg */; };
		D02C8BB09C60CB72568B8FCA /* Pods_PAPermissionsApp.framework in Frameworks */ = {isa = PBXBuildFile; fileRef = C7292F8A8CFD2909D2EA9DB6 /* Pods_PAPermissionsApp.framework */; };
/* End PBXBuildFile section */

/* Begin PBXFileReference section */
		40B2C1EA1D88851800731B20 /* InfoPlist.strings */ = {isa = PBXFileReference; fileEncoding = 4; lastKnownFileType = text.plist.strings; path = InfoPlist.strings; sourceTree = "<group>"; };
		50E9DCCF1D7DC370007D0ED5 /* PAPermissionsApp.app */ = {isa = PBXFileReference; explicitFileType = wrapper.application; includeInIndex = 0; path = PAPermissionsApp.app; sourceTree = BUILT_PRODUCTS_DIR; };
		50E9DCD21D7DC370007D0ED5 /* AppDelegate.swift */ = {isa = PBXFileReference; lastKnownFileType = sourcecode.swift; path = AppDelegate.swift; sourceTree = "<group>"; };
		50E9DCD41D7DC370007D0ED5 /* ViewController.swift */ = {isa = PBXFileReference; lastKnownFileType = sourcecode.swift; path = ViewController.swift; sourceTree = "<group>"; };
		50E9DCD71D7DC370007D0ED5 /* Base */ = {isa = PBXFileReference; lastKnownFileType = file.storyboard; name = Base; path = Base.lproj/Main.storyboard; sourceTree = "<group>"; };
		50E9DCD91D7DC370007D0ED5 /* Assets.xcassets */ = {isa = PBXFileReference; lastKnownFileType = folder.assetcatalog; path = Assets.xcassets; sourceTree = "<group>"; };
		50E9DCDC1D7DC370007D0ED5 /* Base */ = {isa = PBXFileReference; lastKnownFileType = file.storyboard; name = Base; path = Base.lproj/LaunchScreen.storyboard; sourceTree = "<group>"; };
		50E9DCDE1D7DC370007D0ED5 /* Info.plist */ = {isa = PBXFileReference; lastKnownFileType = text.plist.xml; path = Info.plist; sourceTree = "<group>"; };
		50E9DD181D7E37FC007D0ED5 /* CoreBluetooth.framework */ = {isa = PBXFileReference; lastKnownFileType = wrapper.framework; name = CoreBluetooth.framework; path = System/Library/Frameworks/CoreBluetooth.framework; sourceTree = SDKROOT; };
		50E9DD271D7E41E9007D0ED5 /* CoreLocation.framework */ = {isa = PBXFileReference; lastKnownFileType = wrapper.framework; name = CoreLocation.framework; path = System/Library/Frameworks/CoreLocation.framework; sourceTree = SDKROOT; };
		50E9DD2B1D7E44BD007D0ED5 /* AVFoundation.framework */ = {isa = PBXFileReference; lastKnownFileType = wrapper.framework; name = AVFoundation.framework; path = System/Library/Frameworks/AVFoundation.framework; sourceTree = SDKROOT; };
		50E9DD871D7F3701007D0ED5 /* PACustomPermissionsCheck.swift */ = {isa = PBXFileReference; fileEncoding = 4; lastKnownFileType = sourcecode.swift; path = PACustomPermissionsCheck.swift; sourceTree = "<group>"; };
		50E9DD8C1D7F548B007D0ED5 /* CustomPermissionsViewController.swift */ = {isa = PBXFileReference; fileEncoding = 4; lastKnownFileType = sourcecode.swift; path = CustomPermissionsViewController.swift; sourceTree = "<group>"; };
		50E9DD8E1D80925F007D0ED5 /* background.jpg */ = {isa = PBXFileReference; lastKnownFileType = image.jpeg; path = background.jpg; sourceTree = "<group>"; };
		7A076817F20389BCFDB75226 /* Pods-PAPermissionsApp.debug.xcconfig */ = {isa = PBXFileReference; includeInIndex = 1; lastKnownFileType = text.xcconfig; name = "Pods-PAPermissionsApp.debug.xcconfig"; path = "Pods/Target Support Files/Pods-PAPermissionsApp/Pods-PAPermissionsApp.debug.xcconfig"; sourceTree = "<group>"; };
		C7292F8A8CFD2909D2EA9DB6 /* Pods_PAPermissionsApp.framework */ = {isa = PBXFileReference; explicitFileType = wrapper.framework; includeInIndex = 0; path = Pods_PAPermissionsApp.framework; sourceTree = BUILT_PRODUCTS_DIR; };
		E57574E623D6435CA7FA8788 /* Pods-PAPermissionsApp.release.xcconfig */ = {isa = PBXFileReference; includeInIndex = 1; lastKnownFileType = text.xcconfig; name = "Pods-PAPermissionsApp.release.xcconfig"; path = "Pods/Target Support Files/Pods-PAPermissionsApp/Pods-PAPermissionsApp.release.xcconfig"; sourceTree = "<group>"; };
/* End PBXFileReference section */

/* Begin PBXFrameworksBuildPhase section */
		50E9DCCC1D7DC370007D0ED5 /* Frameworks */ = {
			isa = PBXFrameworksBuildPhase;
			buildActionMask = 2147483647;
			files = (
				50E9DD2C1D7E44BD007D0ED5 /* AVFoundation.framework in Frameworks */,
				50E9DD281D7E41E9007D0ED5 /* CoreLocation.framework in Frameworks */,
				50E9DD191D7E37FC007D0ED5 /* CoreBluetooth.framework in Frameworks */,
				D02C8BB09C60CB72568B8FCA /* Pods_PAPermissionsApp.framework in Frameworks */,
			);
			runOnlyForDeploymentPostprocessing = 0;
		};
/* End PBXFrameworksBuildPhase section */

/* Begin PBXGroup section */
		088A3FEE08AAB9A64E028FA0 /* Frameworks */ = {
			isa = PBXGroup;
			children = (
				C7292F8A8CFD2909D2EA9DB6 /* Pods_PAPermissionsApp.framework */,
			);
			name = Frameworks;
			sourceTree = "<group>";
		};
		50E9DCC61D7DC370007D0ED5 = {
			isa = PBXGroup;
			children = (
				50E9DD2B1D7E44BD007D0ED5 /* AVFoundation.framework */,
				50E9DD271D7E41E9007D0ED5 /* CoreLocation.framework */,
				50E9DD181D7E37FC007D0ED5 /* CoreBluetooth.framework */,
				50E9DCD11D7DC370007D0ED5 /* PAPermissionsApp */,
				50E9DCD01D7DC370007D0ED5 /* Products */,
				BE512304B20AC7F89D82B883 /* Pods */,
				088A3FEE08AAB9A64E028FA0 /* Frameworks */,
			);
			sourceTree = "<group>";
		};
		50E9DCD01D7DC370007D0ED5 /* Products */ = {
			isa = PBXGroup;
			children = (
				50E9DCCF1D7DC370007D0ED5 /* PAPermissionsApp.app */,
			);
			name = Products;
			sourceTree = "<group>";
		};
		50E9DCD11D7DC370007D0ED5 /* PAPermissionsApp */ = {
			isa = PBXGroup;
			children = (
				50E9DCD21D7DC370007D0ED5 /* AppDelegate.swift */,
				50E9DCD41D7DC370007D0ED5 /* ViewController.swift */,
				50E9DD8C1D7F548B007D0ED5 /* CustomPermissionsViewController.swift */,
				50E9DD871D7F3701007D0ED5 /* PACustomPermissionsCheck.swift */,
				50E9DCD61D7DC370007D0ED5 /* Main.storyboard */,
				50E9DCD91D7DC370007D0ED5 /* Assets.xcassets */,
				50E9DCDB1D7DC370007D0ED5 /* LaunchScreen.storyboard */,
				50E9DCDE1D7DC370007D0ED5 /* Info.plist */,
				40B2C1EA1D88851800731B20 /* InfoPlist.strings */,
				50E9DD8E1D80925F007D0ED5 /* background.jpg */,
			);
			path = PAPermissionsApp;
			sourceTree = "<group>";
		};
		BE512304B20AC7F89D82B883 /* Pods */ = {
			isa = PBXGroup;
			children = (
				7A076817F20389BCFDB75226 /* Pods-PAPermissionsApp.debug.xcconfig */,
				E57574E623D6435CA7FA8788 /* Pods-PAPermissionsApp.release.xcconfig */,
			);
			name = Pods;
			sourceTree = "<group>";
		};
/* End PBXGroup section */

/* Begin PBXNativeTarget section */
		50E9DCCE1D7DC370007D0ED5 /* PAPermissionsApp */ = {
			isa = PBXNativeTarget;
			buildConfigurationList = 50E9DCE11D7DC370007D0ED5 /* Build configuration list for PBXNativeTarget "PAPermissionsApp" */;
			buildPhases = (
				A52F1C072DA5097B808C9C37 /* [CP] Check Pods Manifest.lock */,
				50E9DCCB1D7DC370007D0ED5 /* Sources */,
				50E9DCCC1D7DC370007D0ED5 /* Frameworks */,
				50E9DCCD1D7DC370007D0ED5 /* Resources */,
				665D77414CAAF3B81144D9B0 /* [CP] Embed Pods Frameworks */,
				07A9B8B99C15E52D997403BA /* [CP] Copy Pods Resources */,
			);
			buildRules = (
			);
			dependencies = (
			);
			name = PAPermissionsApp;
			productName = PAPermissionsApp;
			productReference = 50E9DCCF1D7DC370007D0ED5 /* PAPermissionsApp.app */;
			productType = "com.apple.product-type.application";
		};
/* End PBXNativeTarget section */

/* Begin PBXProject section */
		50E9DCC71D7DC370007D0ED5 /* Project object */ = {
			isa = PBXProject;
			attributes = {
				LastSwiftUpdateCheck = 0730;
				LastUpgradeCheck = 0800;
				ORGANIZATIONNAME = "Pasquale Ambrosini";
				TargetAttributes = {
					50E9DCCE1D7DC370007D0ED5 = {
						CreatedOnToolsVersion = 7.3.1;
						DevelopmentTeam = K78G42H4U2;
						LastSwiftMigration = 0810;
					};
				};
			};
			buildConfigurationList = 50E9DCCA1D7DC370007D0ED5 /* Build configuration list for PBXProject "PAPermissionsApp" */;
			compatibilityVersion = "Xcode 3.2";
			developmentRegion = English;
			hasScannedForEncodings = 0;
			knownRegions = (
				en,
				Base,
			);
			mainGroup = 50E9DCC61D7DC370007D0ED5;
			productRefGroup = 50E9DCD01D7DC370007D0ED5 /* Products */;
			projectDirPath = "";
			projectRoot = "";
			targets = (
				50E9DCCE1D7DC370007D0ED5 /* PAPermissionsApp */,
			);
		};
/* End PBXProject section */

/* Begin PBXResourcesBuildPhase section */
		50E9DCCD1D7DC370007D0ED5 /* Resources */ = {
			isa = PBXResourcesBuildPhase;
			buildActionMask = 2147483647;
			files = (
				50E9DD8F1D80925F007D0ED5 /* background.jpg in Resources */,
				40B2C1EB1D88851800731B20 /* InfoPlist.strings in Resources */,
				50E9DCDD1D7DC370007D0ED5 /* LaunchScreen.storyboard in Resources */,
				50E9DCDA1D7DC370007D0ED5 /* Assets.xcassets in Resources */,
				50E9DCD81D7DC370007D0ED5 /* Main.storyboard in Resources */,
			);
			runOnlyForDeploymentPostprocessing = 0;
		};
/* End PBXResourcesBuildPhase section */

/* Begin PBXShellScriptBuildPhase section */
		07A9B8B99C15E52D997403BA /* [CP] Copy Pods Resources */ = {
			isa = PBXShellScriptBuildPhase;
			buildActionMask = 2147483647;
			files = (
			);
			inputPaths = (
			);
			name = "[CP] Copy Pods Resources";
			outputPaths = (
			);
			runOnlyForDeploymentPostprocessing = 0;
			shellPath = /bin/sh;
			shellScript = "\"${SRCROOT}/Pods/Target Support Files/Pods-PAPermissionsApp/Pods-PAPermissionsApp-resources.sh\"\n";
			showEnvVarsInLog = 0;
		};
		665D77414CAAF3B81144D9B0 /* [CP] Embed Pods Frameworks */ = {
			isa = PBXShellScriptBuildPhase;
			buildActionMask = 2147483647;
			files = (
			);
			inputPaths = (
			);
			name = "[CP] Embed Pods Frameworks";
			outputPaths = (
			);
			runOnlyForDeploymentPostprocessing = 0;
			shellPath = /bin/sh;
			shellScript = "\"${SRCROOT}/Pods/Target Support Files/Pods-PAPermissionsApp/Pods-PAPermissionsApp-frameworks.sh\"\n";
			showEnvVarsInLog = 0;
		};
		A52F1C072DA5097B808C9C37 /* [CP] Check Pods Manifest.lock */ = {
			isa = PBXShellScriptBuildPhase;
			buildActionMask = 2147483647;
			files = (
			);
			inputPaths = (
			);
			name = "[CP] Check Pods Manifest.lock";
			outputPaths = (
			);
			runOnlyForDeploymentPostprocessing = 0;
			shellPath = /bin/sh;
			shellScript = "diff \"${PODS_ROOT}/../Podfile.lock\" \"${PODS_ROOT}/Manifest.lock\" > /dev/null\nif [[ $? != 0 ]] ; then\n    cat << EOM\nerror: The sandbox is not in sync with the Podfile.lock. Run 'pod install' or update your CocoaPods installation.\nEOM\n    exit 1\nfi\n";
			showEnvVarsInLog = 0;
		};
/* End PBXShellScriptBuildPhase section */

/* Begin PBXSourcesBuildPhase section */
		50E9DCCB1D7DC370007D0ED5 /* Sources */ = {
			isa = PBXSourcesBuildPhase;
			buildActionMask = 2147483647;
			files = (
				50E9DD8D1D7F548B007D0ED5 /* CustomPermissionsViewController.swift in Sources */,
				50E9DCD51D7DC370007D0ED5 /* ViewController.swift in Sources */,
				50E9DD881D7F3701007D0ED5 /* PACustomPermissionsCheck.swift in Sources */,
				50E9DCD31D7DC370007D0ED5 /* AppDelegate.swift in Sources */,
			);
			runOnlyForDeploymentPostprocessing = 0;
		};
/* End PBXSourcesBuildPhase section */

/* Begin PBXVariantGroup section */
		50E9DCD61D7DC370007D0ED5 /* Main.storyboard */ = {
			isa = PBXVariantGroup;
			children = (
				50E9DCD71D7DC370007D0ED5 /* Base */,
			);
			name = Main.storyboard;
			sourceTree = "<group>";
		};
		50E9DCDB1D7DC370007D0ED5 /* LaunchScreen.storyboard */ = {
			isa = PBXVariantGroup;
			children = (
				50E9DCDC1D7DC370007D0ED5 /* Base */,
			);
			name = LaunchScreen.storyboard;
			sourceTree = "<group>";
		};
/* End PBXVariantGroup section */

/* Begin XCBuildConfiguration section */
		50E9DCDF1D7DC370007D0ED5 /* Debug */ = {
			isa = XCBuildConfiguration;
			buildSettings = {
				ALWAYS_SEARCH_USER_PATHS = NO;
				CLANG_ANALYZER_NONNULL = YES;
				CLANG_CXX_LANGUAGE_STANDARD = "gnu++0x";
				CLANG_CXX_LIBRARY = "libc++";
				CLANG_ENABLE_MODULES = YES;
				CLANG_ENABLE_OBJC_ARC = YES;
				CLANG_WARN_BOOL_CONVERSION = YES;
				CLANG_WARN_CONSTANT_CONVERSION = YES;
				CLANG_WARN_DIRECT_OBJC_ISA_USAGE = YES_ERROR;
				CLANG_WARN_EMPTY_BODY = YES;
				CLANG_WARN_ENUM_CONVERSION = YES;
				CLANG_WARN_INFINITE_RECURSION = YES;
				CLANG_WARN_INT_CONVERSION = YES;
				CLANG_WARN_OBJC_ROOT_CLASS = YES_ERROR;
				CLANG_WARN_SUSPICIOUS_MOVE = YES;
				CLANG_WARN_UNREACHABLE_CODE = YES;
				CLANG_WARN__DUPLICATE_METHOD_MATCH = YES;
				"CODE_SIGN_IDENTITY[sdk=iphoneos*]" = "iPhone Developer";
				COPY_PHASE_STRIP = NO;
				DEBUG_INFORMATION_FORMAT = dwarf;
				ENABLE_STRICT_OBJC_MSGSEND = YES;
				ENABLE_TESTABILITY = YES;
				GCC_C_LANGUAGE_STANDARD = gnu99;
				GCC_DYNAMIC_NO_PIC = NO;
				GCC_NO_COMMON_BLOCKS = YES;
				GCC_OPTIMIZATION_LEVEL = 0;
				GCC_PREPROCESSOR_DEFINITIONS = (
					"DEBUG=1",
					"$(inherited)",
				);
				GCC_WARN_64_TO_32_BIT_CONVERSION = YES;
				GCC_WARN_ABOUT_RETURN_TYPE = YES_ERROR;
				GCC_WARN_UNDECLARED_SELECTOR = YES;
				GCC_WARN_UNINITIALIZED_AUTOS = YES_AGGRESSIVE;
				GCC_WARN_UNUSED_FUNCTION = YES;
				GCC_WARN_UNUSED_VARIABLE = YES;
				IPHONEOS_DEPLOYMENT_TARGET = 9.3;
				MTL_ENABLE_DEBUG_INFO = YES;
				ONLY_ACTIVE_ARCH = YES;
				SDKROOT = iphoneos;
				SWIFT_OPTIMIZATION_LEVEL = "-Onone";
				TARGETED_DEVICE_FAMILY = "1,2";
			};
			name = Debug;
		};
		50E9DCE01D7DC370007D0ED5 /* Release */ = {
			isa = XCBuildConfiguration;
			buildSettings = {
				ALWAYS_SEARCH_USER_PATHS = NO;
				CLANG_ANALYZER_NONNULL = YES;
				CLANG_CXX_LANGUAGE_STANDARD = "gnu++0x";
				CLANG_CXX_LIBRARY = "libc++";
				CLANG_ENABLE_MODULES = YES;
				CLANG_ENABLE_OBJC_ARC = YES;
				CLANG_WARN_BOOL_CONVERSION = YES;
				CLANG_WARN_CONSTANT_CONVERSION = YES;
				CLANG_WARN_DIRECT_OBJC_ISA_USAGE = YES_ERROR;
				CLANG_WARN_EMPTY_BODY = YES;
				CLANG_WARN_ENUM_CONVERSION = YES;
				CLANG_WARN_INFINITE_RECURSION = YES;
				CLANG_WARN_INT_CONVERSION = YES;
				CLANG_WARN_OBJC_ROOT_CLASS = YES_ERROR;
				CLANG_WARN_SUSPICIOUS_MOVE = YES;
				CLANG_WARN_UNREACHABLE_CODE = YES;
				CLANG_WARN__DUPLICATE_METHOD_MATCH = YES;
				"CODE_SIGN_IDENTITY[sdk=iphoneos*]" = "iPhone Developer";
				COPY_PHASE_STRIP = NO;
				DEBUG_INFORMATION_FORMAT = "dwarf-with-dsym";
				ENABLE_NS_ASSERTIONS = NO;
				ENABLE_STRICT_OBJC_MSGSEND = YES;
				GCC_C_LANGUAGE_STANDARD = gnu99;
				GCC_NO_COMMON_BLOCKS = YES;
				GCC_WARN_64_TO_32_BIT_CONVERSION = YES;
				GCC_WARN_ABOUT_RETURN_TYPE = YES_ERROR;
				GCC_WARN_UNDECLARED_SELECTOR = YES;
				GCC_WARN_UNINITIALIZED_AUTOS = YES_AGGRESSIVE;
				GCC_WARN_UNUSED_FUNCTION = YES;
				GCC_WARN_UNUSED_VARIABLE = YES;
				IPHONEOS_DEPLOYMENT_TARGET = 9.3;
				MTL_ENABLE_DEBUG_INFO = NO;
				SDKROOT = iphoneos;
				SWIFT_OPTIMIZATION_LEVEL = "-Owholemodule";
				TARGETED_DEVICE_FAMILY = "1,2";
				VALIDATE_PRODUCT = YES;
			};
			name = Release;
		};
		50E9DCE21D7DC370007D0ED5 /* Debug */ = {
			isa = XCBuildConfiguration;
			baseConfigurationReference = 7A076817F20389BCFDB75226 /* Pods-PAPermissionsApp.debug.xcconfig */;
			buildSettings = {
				ASSETCATALOG_COMPILER_APPICON_NAME = AppIcon;
				CODE_SIGN_IDENTITY = "iPhone Developer";
				DEVELOPMENT_TEAM = K78G42H4U2;
				INFOPLIST_FILE = PAPermissionsApp/Info.plist;
				IPHONEOS_DEPLOYMENT_TARGET = 8.0;
				LD_RUNPATH_SEARCH_PATHS = "$(inherited) @executable_path/Frameworks";
				PRODUCT_BUNDLE_IDENTIFIER = com.pasqualeambrosini.PAPermissionsApp;
				PRODUCT_NAME = "$(TARGET_NAME)";
				SWIFT_VERSION = 3.0;
			};
			name = Debug;
		};
		50E9DCE31D7DC370007D0ED5 /* Release */ = {
			isa = XCBuildConfiguration;
			baseConfigurationReference = E57574E623D6435CA7FA8788 /* Pods-PAPermissionsApp.release.xcconfig */;
			buildSettings = {
				ASSETCATALOG_COMPILER_APPICON_NAME = AppIcon;
				CODE_SIGN_IDENTITY = "iPhone Developer";
				DEVELOPMENT_TEAM = K78G42H4U2;
				INFOPLIST_FILE = PAPermissionsApp/Info.plist;
				IPHONEOS_DEPLOYMENT_TARGET = 8.0;
				LD_RUNPATH_SEARCH_PATHS = "$(inherited) @executable_path/Frameworks";
				PRODUCT_BUNDLE_IDENTIFIER = com.pasqualeambrosini.PAPermissionsApp;
				PRODUCT_NAME = "$(TARGET_NAME)";
				SWIFT_VERSION = 3.0;
			};
			name = Release;
		};
/* End XCBuildConfiguration section */

/* Begin XCConfigurationList section */
		50E9DCCA1D7DC370007D0ED5 /* Build configuration list for PBXProject "PAPermissionsApp" */ = {
			isa = XCConfigurationList;
			buildConfigurations = (
				50E9DCDF1D7DC370007D0ED5 /* Debug */,
				50E9DCE01D7DC370007D0ED5 /* Release */,
			);
			defaultConfigurationIsVisible = 0;
			defaultConfigurationName = Release;
		};
		50E9DCE11D7DC370007D0ED5 /* Build configuration list for PBXNativeTarget "PAPermissionsApp" */ = {
			isa = XCConfigurationList;
			buildConfigurations = (
				50E9DCE21D7DC370007D0ED5 /* Debug */,
				50E9DCE31D7DC370007D0ED5 /* Release */,
			);
			defaultConfigurationIsVisible = 0;
			defaultConfigurationName = Release;
		};
/* End XCConfigurationList section */
	};
	rootObject = 50E9DCC71D7DC370007D0ED5 /* Project object */;
}
